
Microsoft Visual Studio Solution File, Format Version 12.00
# Visual Studio Version 16
VisualStudioVersion = 16.0.29519.87
MinimumVisualStudioVersion = 10.0.40219.1
Project("{FAE04EC0-301F-11D3-BF4B-00C04F79EFBC}") = "TombCalc", "CALC\TombCalc.csproj", "{107D7471-0096-43D2-8DE8-F6FE085F3B21}"
EndProject
Project("{2150E333-8FDC-42A3-9474-1A3956D46DE8}") = "Solution Items", "Solution Items", "{C47E6875-A82B-4A2E-9E07-702929BC62A9}"
EndProject
Global
	GlobalSection(SolutionConfigurationPlatforms) = preSolution
		Debug|Any CPU = Debug|Any CPU
		Release|Any CPU = Release|Any CPU
	EndGlobalSection
	GlobalSection(ProjectConfigurationPlatforms) = postSolution
		{107D7471-0096-43D2-8DE8-F6FE085F3B21}.Debug|Any CPU.ActiveCfg = Debug|Any CPU
		{107D7471-0096-43D2-8DE8-F6FE085F3B21}.Debug|Any CPU.Build.0 = Debug|Any CPU
		{107D7471-0096-43D2-8DE8-F6FE085F3B21}.Release|Any CPU.ActiveCfg = Release|Any CPU
		{107D7471-0096-43D2-8DE8-F6FE085F3B21}.Release|Any CPU.Build.0 = Release|Any CPU
	EndGlobalSection
	GlobalSection(SolutionProperties) = preSolution
		HideSolutionNode = FALSE
	EndGlobalSection
	GlobalSection(ExtensibilityGlobals) = postSolution
		SolutionGuid = {DFA58F42-06F3-43BB-9A26-AD5A1E8EF991}
	EndGlobalSection
EndGlobal
